// !$*UTF8*$!
{
	archiveVersion = 1;
	classes = {
	};
	objectVersion = 50;
	objects = {

/* Begin PBXBuildFile section */
		47CF32D124B07E3300A35F61 /* AppDelegate.swift in Sources */ = {isa = PBXBuildFile; fileRef = 47CF32D024B07E3300A35F61 /* AppDelegate.swift */; };
		47CF32D324B07E3300A35F61 /* SceneDelegate.swift in Sources */ = {isa = PBXBuildFile; fileRef = 47CF32D224B07E3300A35F61 /* SceneDelegate.swift */; };
		47CF32D524B07E3300A35F61 /* ViewController.swift in Sources */ = {isa = PBXBuildFile; fileRef = 47CF32D424B07E3300A35F61 /* ViewController.swift */; };
		47CF32D824B07E3300A35F61 /* Main.storyboard in Resources */ = {isa = PBXBuildFile; fileRef = 47CF32D624B07E3300A35F61 /* Main.storyboard */; };
		47CF32DA24B07E4700A35F61 /* Assets.xcassets in Resources */ = {isa = PBXBuildFile; fileRef = 47CF32D924B07E4700A35F61 /* Assets.xcassets */; };
		47CF32DD24B07E4700A35F61 /* LaunchScreen.storyboard in Resources */ = {isa = PBXBuildFile; fileRef = 47CF32DB24B07E4700A35F61 /* LaunchScreen.storyboard */; };
		47CF32EB24B07EB300A35F61 /* AppDelegate.swift in Sources */ = {isa = PBXBuildFile; fileRef = 47CF32EA24B07EB300A35F61 /* AppDelegate.swift */; };
		47CF32ED24B07EB300A35F61 /* SceneDelegate.swift in Sources */ = {isa = PBXBuildFile; fileRef = 47CF32EC24B07EB300A35F61 /* SceneDelegate.swift */; };
		47CF32EF24B07EB300A35F61 /* ViewController.swift in Sources */ = {isa = PBXBuildFile; fileRef = 47CF32EE24B07EB300A35F61 /* ViewController.swift */; };
		47CF32F224B07EB300A35F61 /* Main.storyboard in Resources */ = {isa = PBXBuildFile; fileRef = 47CF32F024B07EB300A35F61 /* Main.storyboard */; };
		47CF32F724B07EB900A35F61 /* LaunchScreen.storyboard in Resources */ = {isa = PBXBuildFile; fileRef = 47CF32F524B07EB900A35F61 /* LaunchScreen.storyboard */; };
		47CF32FD24B07F4000A35F61 /* Assets.xcassets in Resources */ = {isa = PBXBuildFile; fileRef = 47CF32D924B07E4700A35F61 /* Assets.xcassets */; };
		47CF32FF24B0900300A35F61 /* LoginStoryboard.storyboard in Resources */ = {isa = PBXBuildFile; fileRef = 47CF32FE24B0900300A35F61 /* LoginStoryboard.storyboard */; };
		47CF330224B0932C00A35F61 /* Constants.swift in Sources */ = {isa = PBXBuildFile; fileRef = 47CF330124B0932C00A35F61 /* Constants.swift */; };
		47CF330B24B0976000A35F61 /* CustomButtom.swift in Sources */ = {isa = PBXBuildFile; fileRef = 47CF330A24B0976000A35F61 /* CustomButtom.swift */; };
/* End PBXBuildFile section */

/* Begin PBXFileReference section */
		47CF32CD24B07E3300A35F61 /* FawksCompany.app */ = {isa = PBXFileReference; explicitFileType = wrapper.application; includeInIndex = 0; path = FawksCompany.app; sourceTree = BUILT_PRODUCTS_DIR; };
		47CF32D024B07E3300A35F61 /* AppDelegate.swift */ = {isa = PBXFileReference; lastKnownFileType = sourcecode.swift; path = AppDelegate.swift; sourceTree = "<group>"; };
		47CF32D224B07E3300A35F61 /* SceneDelegate.swift */ = {isa = PBXFileReference; lastKnownFileType = sourcecode.swift; path = SceneDelegate.swift; sourceTree = "<group>"; };
		47CF32D424B07E3300A35F61 /* ViewController.swift */ = {isa = PBXFileReference; lastKnownFileType = sourcecode.swift; path = ViewController.swift; sourceTree = "<group>"; };
		47CF32D724B07E3300A35F61 /* Base */ = {isa = PBXFileReference; lastKnownFileType = file.storyboard; name = Base; path = Base.lproj/Main.storyboard; sourceTree = "<group>"; };
		47CF32D924B07E4700A35F61 /* Assets.xcassets */ = {isa = PBXFileReference; lastKnownFileType = folder.assetcatalog; path = Assets.xcassets; sourceTree = "<group>"; };
		47CF32DC24B07E4700A35F61 /* Base */ = {isa = PBXFileReference; lastKnownFileType = file.storyboard; name = Base; path = Base.lproj/LaunchScreen.storyboard; sourceTree = "<group>"; };
		47CF32DE24B07E4700A35F61 /* Info.plist */ = {isa = PBXFileReference; lastKnownFileType = text.plist.xml; path = Info.plist; sourceTree = "<group>"; };
		47CF32E824B07EB300A35F61 /* FawksAdmin.app */ = {isa = PBXFileReference; explicitFileType = wrapper.application; includeInIndex = 0; path = FawksAdmin.app; sourceTree = BUILT_PRODUCTS_DIR; };
		47CF32EA24B07EB300A35F61 /* AppDelegate.swift */ = {isa = PBXFileReference; lastKnownFileType = sourcecode.swift; path = AppDelegate.swift; sourceTree = "<group>"; };
		47CF32EC24B07EB300A35F61 /* SceneDelegate.swift */ = {isa = PBXFileReference; lastKnownFileType = sourcecode.swift; path = SceneDelegate.swift; sourceTree = "<group>"; };
		47CF32EE24B07EB300A35F61 /* ViewController.swift */ = {isa = PBXFileReference; lastKnownFileType = sourcecode.swift; path = ViewController.swift; sourceTree = "<group>"; };
		47CF32F124B07EB300A35F61 /* Base */ = {isa = PBXFileReference; lastKnownFileType = file.storyboard; name = Base; path = Base.lproj/Main.storyboard; sourceTree = "<group>"; };
		47CF32F624B07EB900A35F61 /* Base */ = {isa = PBXFileReference; lastKnownFileType = file.storyboard; name = Base; path = Base.lproj/LaunchScreen.storyboard; sourceTree = "<group>"; };
		47CF32F824B07EB900A35F61 /* Info.plist */ = {isa = PBXFileReference; lastKnownFileType = text.plist.xml; path = Info.plist; sourceTree = "<group>"; };
		47CF32FE24B0900300A35F61 /* LoginStoryboard.storyboard */ = {isa = PBXFileReference; lastKnownFileType = file.storyboard; path = LoginStoryboard.storyboard; sourceTree = "<group>"; };
		47CF330124B0932C00A35F61 /* Constants.swift */ = {isa = PBXFileReference; lastKnownFileType = sourcecode.swift; path = Constants.swift; sourceTree = "<group>"; };
		47CF330A24B0976000A35F61 /* CustomButtom.swift */ = {isa = PBXFileReference; lastKnownFileType = sourcecode.swift; path = CustomButtom.swift; sourceTree = "<group>"; };
/* End PBXFileReference section */

/* Begin PBXFrameworksBuildPhase section */
		47CF32CA24B07E3300A35F61 /* Frameworks */ = {
			isa = PBXFrameworksBuildPhase;
			buildActionMask = 2147483647;
			files = (
			);
			runOnlyForDeploymentPostprocessing = 0;
		};
		47CF32E524B07EB300A35F61 /* Frameworks */ = {
			isa = PBXFrameworksBuildPhase;
			buildActionMask = 2147483647;
			files = (
			);
			runOnlyForDeploymentPostprocessing = 0;
		};
/* End PBXFrameworksBuildPhase section */

/* Begin PBXGroup section */
		47CF32C424B07E3300A35F61 = {
			isa = PBXGroup;
			children = (
				47CF32FC24B07F3500A35F61 /* Shared */,
				47CF32CF24B07E3300A35F61 /* FawksCompany */,
				47CF32E924B07EB300A35F61 /* FawksAdmin */,
				47CF32CE24B07E3300A35F61 /* Products */,
			);
			sourceTree = "<group>";
		};
		47CF32CE24B07E3300A35F61 /* Products */ = {
			isa = PBXGroup;
			children = (
				47CF32CD24B07E3300A35F61 /* FawksCompany.app */,
				47CF32E824B07EB300A35F61 /* FawksAdmin.app */,
			);
			name = Products;
			sourceTree = "<group>";
		};
		47CF32CF24B07E3300A35F61 /* FawksCompany */ = {
			isa = PBXGroup;
			children = (
				47CF330324B0936A00A35F61 /* View */,
				47CF330024B0931900A35F61 /* Utils */,
				47CF32D024B07E3300A35F61 /* AppDelegate.swift */,
				47CF32D224B07E3300A35F61 /* SceneDelegate.swift */,
				47CF32D424B07E3300A35F61 /* ViewController.swift */,
				47CF32D624B07E3300A35F61 /* Main.storyboard */,
				47CF32DB24B07E4700A35F61 /* LaunchScreen.storyboard */,
				47CF32DE24B07E4700A35F61 /* Info.plist */,
				47CF32FE24B0900300A35F61 /* LoginStoryboard.storyboard */,
			);
			path = FawksCompany;
			sourceTree = "<group>";
		};
		47CF32E924B07EB300A35F61 /* FawksAdmin */ = {
			isa = PBXGroup;
			children = (
				47CF32EA24B07EB300A35F61 /* AppDelegate.swift */,
				47CF32EC24B07EB300A35F61 /* SceneDelegate.swift */,
				47CF32EE24B07EB300A35F61 /* ViewController.swift */,
				47CF32F024B07EB300A35F61 /* Main.storyboard */,
				47CF32F524B07EB900A35F61 /* LaunchScreen.storyboard */,
				47CF32F824B07EB900A35F61 /* Info.plist */,
			);
			path = FawksAdmin;
			sourceTree = "<group>";
		};
		47CF32FC24B07F3500A35F61 /* Shared */ = {
			isa = PBXGroup;
			children = (
				47CF32D924B07E4700A35F61 /* Assets.xcassets */,
			);
			path = Shared;
			sourceTree = "<group>";
		};
		47CF330024B0931900A35F61 /* Utils */ = {
			isa = PBXGroup;
			children = (
				47CF330124B0932C00A35F61 /* Constants.swift */,
			);
			path = Utils;
			sourceTree = "<group>";
		};
		47CF330324B0936A00A35F61 /* View */ = {
			isa = PBXGroup;
			children = (
				47CF330A24B0976000A35F61 /* CustomButtom.swift */,
			);
			path = View;
			sourceTree = "<group>";
		};
/* End PBXGroup section */

/* Begin PBXNativeTarget section */
		47CF32CC24B07E3300A35F61 /* FawksCompany */ = {
			isa = PBXNativeTarget;
			buildConfigurationList = 47CF32E124B07E4700A35F61 /* Build configuration list for PBXNativeTarget "FawksCompany" */;
			buildPhases = (
				47CF32C924B07E3300A35F61 /* Sources */,
				47CF32CA24B07E3300A35F61 /* Frameworks */,
				47CF32CB24B07E3300A35F61 /* Resources */,
			);
			buildRules = (
			);
			dependencies = (
			);
			name = FawksCompany;
			productName = FawksCompany;
			productReference = 47CF32CD24B07E3300A35F61 /* FawksCompany.app */;
			productType = "com.apple.product-type.application";
		};
		47CF32E724B07EB300A35F61 /* FawksAdmin */ = {
			isa = PBXNativeTarget;
			buildConfigurationList = 47CF32F924B07EB900A35F61 /* Build configuration list for PBXNativeTarget "FawksAdmin" */;
			buildPhases = (
				47CF32E424B07EB300A35F61 /* Sources */,
				47CF32E524B07EB300A35F61 /* Frameworks */,
				47CF32E624B07EB300A35F61 /* Resources */,
			);
			buildRules = (
			);
			dependencies = (
			);
			name = FawksAdmin;
			productName = FawksAdmin;
			productReference = 47CF32E824B07EB300A35F61 /* FawksAdmin.app */;
			productType = "com.apple.product-type.application";
		};
/* End PBXNativeTarget section */

/* Begin PBXProject section */
		47CF32C524B07E3300A35F61 /* Project object */ = {
			isa = PBXProject;
			attributes = {
				LastSwiftUpdateCheck = 1150;
				LastUpgradeCheck = 1150;
				ORGANIZATIONNAME = "Dzulfikar Ali";
				TargetAttributes = {
					47CF32CC24B07E3300A35F61 = {
						CreatedOnToolsVersion = 11.5;
					};
					47CF32E724B07EB300A35F61 = {
						CreatedOnToolsVersion = 11.5;
					};
				};
			};
			buildConfigurationList = 47CF32C824B07E3300A35F61 /* Build configuration list for PBXProject "FawksCompany" */;
			compatibilityVersion = "Xcode 9.3";
			developmentRegion = en;
			hasScannedForEncodings = 0;
			knownRegions = (
				en,
				Base,
			);
			mainGroup = 47CF32C424B07E3300A35F61;
			productRefGroup = 47CF32CE24B07E3300A35F61 /* Products */;
			projectDirPath = "";
			projectRoot = "";
			targets = (
				47CF32CC24B07E3300A35F61 /* FawksCompany */,
				47CF32E724B07EB300A35F61 /* FawksAdmin */,
			);
		};
/* End PBXProject section */

/* Begin PBXResourcesBuildPhase section */
		47CF32CB24B07E3300A35F61 /* Resources */ = {
			isa = PBXResourcesBuildPhase;
			buildActionMask = 2147483647;
			files = (
				47CF32DD24B07E4700A35F61 /* LaunchScreen.storyboard in Resources */,
				47CF32DA24B07E4700A35F61 /* Assets.xcassets in Resources */,
				47CF32D824B07E3300A35F61 /* Main.storyboard in Resources */,
				47CF32FF24B0900300A35F61 /* LoginStoryboard.storyboard in Resources */,
			);
			runOnlyForDeploymentPostprocessing = 0;
		};
		47CF32E624B07EB300A35F61 /* Resources */ = {
			isa = PBXResourcesBuildPhase;
			buildActionMask = 2147483647;
			files = (
				47CF32F724B07EB900A35F61 /* LaunchScreen.storyboard in Resources */,
				47CF32FD24B07F4000A35F61 /* Assets.xcassets in Resources */,
				47CF32F224B07EB300A35F61 /* Main.storyboard in Resources */,
			);
			runOnlyForDeploymentPostprocessing = 0;
		};
/* End PBXResourcesBuildPhase section */

/* Begin PBXSourcesBuildPhase section */
		47CF32C924B07E3300A35F61 /* Sources */ = {
			isa = PBXSourcesBuildPhase;
			buildActionMask = 2147483647;
			files = (
				47CF32D524B07E3300A35F61 /* ViewController.swift in Sources */,
				47CF32D124B07E3300A35F61 /* AppDelegate.swift in Sources */,
				47CF32D324B07E3300A35F61 /* SceneDelegate.swift in Sources */,
				47CF330224B0932C00A35F61 /* Constants.swift in Sources */,
				47CF330B24B0976000A35F61 /* CustomButtom.swift in Sources */,
			);
			runOnlyForDeploymentPostprocessing = 0;
		};
		47CF32E424B07EB300A35F61 /* Sources */ = {
			isa = PBXSourcesBuildPhase;
			buildActionMask = 2147483647;
			files = (
				47CF32EF24B07EB300A35F61 /* ViewController.swift in Sources */,
				47CF32EB24B07EB300A35F61 /* AppDelegate.swift in Sources */,
				47CF32ED24B07EB300A35F61 /* SceneDelegate.swift in Sources */,
			);
			runOnlyForDeploymentPostprocessing = 0;
		};
/* End PBXSourcesBuildPhase section */

/* Begin PBXVariantGroup section */
		47CF32D624B07E3300A35F61 /* Main.storyboard */ = {
			isa = PBXVariantGroup;
			children = (
				47CF32D724B07E3300A35F61 /* Base */,
			);
			name = Main.storyboard;
			sourceTree = "<group>";
		};
		47CF32DB24B07E4700A35F61 /* LaunchScreen.storyboard */ = {
			isa = PBXVariantGroup;
			children = (
				47CF32DC24B07E4700A35F61 /* Base */,
			);
			name = LaunchScreen.storyboard;
			sourceTree = "<group>";
		};
		47CF32F024B07EB300A35F61 /* Main.storyboard */ = {
			isa = PBXVariantGroup;
			children = (
				47CF32F124B07EB300A35F61 /* Base */,
			);
			name = Main.storyboard;
			sourceTree = "<group>";
		};
		47CF32F524B07EB900A35F61 /* LaunchScreen.storyboard */ = {
			isa = PBXVariantGroup;
			children = (
				47CF32F624B07EB900A35F61 /* Base */,
			);
			name = LaunchScreen.storyboard;
			sourceTree = "<group>";
		};
/* End PBXVariantGroup section */

/* Begin XCBuildConfiguration section */
		47CF32DF24B07E4700A35F61 /* Debug */ = {
			isa = XCBuildConfiguration;
			buildSettings = {
				ALWAYS_SEARCH_USER_PATHS = NO;
				CLANG_ANALYZER_NONNULL = YES;
				CLANG_ANALYZER_NUMBER_OBJECT_CONVERSION = YES_AGGRESSIVE;
				CLANG_CXX_LANGUAGE_STANDARD = "gnu++14";
				CLANG_CXX_LIBRARY = "libc++";
				CLANG_ENABLE_MODULES = YES;
				CLANG_ENABLE_OBJC_ARC = YES;
				CLANG_ENABLE_OBJC_WEAK = YES;
				CLANG_WARN_BLOCK_CAPTURE_AUTORELEASING = YES;
				CLANG_WARN_BOOL_CONVERSION = YES;
				CLANG_WARN_COMMA = YES;
				CLANG_WARN_CONSTANT_CONVERSION = YES;
				CLANG_WARN_DEPRECATED_OBJC_IMPLEMENTATIONS = YES;
				CLANG_WARN_DIRECT_OBJC_ISA_USAGE = YES_ERROR;
				CLANG_WARN_DOCUMENTATION_COMMENTS = YES;
				CLANG_WARN_EMPTY_BODY = YES;
				CLANG_WARN_ENUM_CONVERSION = YES;
				CLANG_WARN_INFINITE_RECURSION = YES;
				CLANG_WARN_INT_CONVERSION = YES;
				CLANG_WARN_NON_LITERAL_NULL_CONVERSION = YES;
				CLANG_WARN_OBJC_IMPLICIT_RETAIN_SELF = YES;
				CLANG_WARN_OBJC_LITERAL_CONVERSION = YES;
				CLANG_WARN_OBJC_ROOT_CLASS = YES_ERROR;
				CLANG_WARN_RANGE_LOOP_ANALYSIS = YES;
				CLANG_WARN_STRICT_PROTOTYPES = YES;
				CLANG_WARN_SUSPICIOUS_MOVE = YES;
				CLANG_WARN_UNGUARDED_AVAILABILITY = YES_AGGRESSIVE;
				CLANG_WARN_UNREACHABLE_CODE = YES;
				CLANG_WARN__DUPLICATE_METHOD_MATCH = YES;
				COPY_PHASE_STRIP = NO;
				DEBUG_INFORMATION_FORMAT = dwarf;
				ENABLE_STRICT_OBJC_MSGSEND = YES;
				ENABLE_TESTABILITY = YES;
				GCC_C_LANGUAGE_STANDARD = gnu11;
				GCC_DYNAMIC_NO_PIC = NO;
				GCC_NO_COMMON_BLOCKS = YES;
				GCC_OPTIMIZATION_LEVEL = 0;
				GCC_PREPROCESSOR_DEFINITIONS = (
					"DEBUG=1",
					"$(inherited)",
				);
				GCC_WARN_64_TO_32_BIT_CONVERSION = YES;
				GCC_WARN_ABOUT_RETURN_TYPE = YES_ERROR;
				GCC_WARN_UNDECLARED_SELECTOR = YES;
				GCC_WARN_UNINITIALIZED_AUTOS = YES_AGGRESSIVE;
				GCC_WARN_UNUSED_FUNCTION = YES;
				GCC_WARN_UNUSED_VARIABLE = YES;
				IPHONEOS_DEPLOYMENT_TARGET = 13.5;
				MTL_ENABLE_DEBUG_INFO = INCLUDE_SOURCE;
				MTL_FAST_MATH = YES;
				ONLY_ACTIVE_ARCH = YES;
				SDKROOT = iphoneos;
				SWIFT_ACTIVE_COMPILATION_CONDITIONS = DEBUG;
				SWIFT_OPTIMIZATION_LEVEL = "-Onone";
			};
			name = Debug;
		};
		47CF32E024B07E4700A35F61 /* Release */ = {
			isa = XCBuildConfiguration;
			buildSettings = {
				ALWAYS_SEARCH_USER_PATHS = NO;
				CLANG_ANALYZER_NONNULL = YES;
				CLANG_ANALYZER_NUMBER_OBJECT_CONVERSION = YES_AGGRESSIVE;
				CLANG_CXX_LANGUAGE_STANDARD = "gnu++14";
				CLANG_CXX_LIBRARY = "libc++";
				CLANG_ENABLE_MODULES = YES;
				CLANG_ENABLE_OBJC_ARC = YES;
				CLANG_ENABLE_OBJC_WEAK = YES;
				CLANG_WARN_BLOCK_CAPTURE_AUTORELEASING = YES;
				CLANG_WARN_BOOL_CONVERSION = YES;
				CLANG_WARN_COMMA = YES;
				CLANG_WARN_CONSTANT_CONVERSION = YES;
				CLANG_WARN_DEPRECATED_OBJC_IMPLEMENTATIONS = YES;
				CLANG_WARN_DIRECT_OBJC_ISA_USAGE = YES_ERROR;
				CLANG_WARN_DOCUMENTATION_COMMENTS = YES;
				CLANG_WARN_EMPTY_BODY = YES;
				CLANG_WARN_ENUM_CONVERSION = YES;
				CLANG_WARN_INFINITE_RECURSION = YES;
				CLANG_WARN_INT_CONVERSION = YES;
				CLANG_WARN_NON_LITERAL_NULL_CONVERSION = YES;
				CLANG_WARN_OBJC_IMPLICIT_RETAIN_SELF = YES;
				CLANG_WARN_OBJC_LITERAL_CONVERSION = YES;
				CLANG_WARN_OBJC_ROOT_CLASS = YES_ERROR;
				CLANG_WARN_RANGE_LOOP_ANALYSIS = YES;
				CLANG_WARN_STRICT_PROTOTYPES = YES;
				CLANG_WARN_SUSPICIOUS_MOVE = YES;
				CLANG_WARN_UNGUARDED_AVAILABILITY = YES_AGGRESSIVE;
				CLANG_WARN_UNREACHABLE_CODE = YES;
				CLANG_WARN__DUPLICATE_METHOD_MATCH = YES;
				COPY_PHASE_STRIP = NO;
				DEBUG_INFORMATION_FORMAT = "dwarf-with-dsym";
				ENABLE_NS_ASSERTIONS = NO;
				ENABLE_STRICT_OBJC_MSGSEND = YES;
				GCC_C_LANGUAGE_STANDARD = gnu11;
				GCC_NO_COMMON_BLOCKS = YES;
				GCC_WARN_64_TO_32_BIT_CONVERSION = YES;
				GCC_WARN_ABOUT_RETURN_TYPE = YES_ERROR;
				GCC_WARN_UNDECLARED_SELECTOR = YES;
				GCC_WARN_UNINITIALIZED_AUTOS = YES_AGGRESSIVE;
				GCC_WARN_UNUSED_FUNCTION = YES;
				GCC_WARN_UNUSED_VARIABLE = YES;
				IPHONEOS_DEPLOYMENT_TARGET = 13.5;
				MTL_ENABLE_DEBUG_INFO = NO;
				MTL_FAST_MATH = YES;
				SDKROOT = iphoneos;
				SWIFT_COMPILATION_MODE = wholemodule;
				SWIFT_OPTIMIZATION_LEVEL = "-O";
				VALIDATE_PRODUCT = YES;
			};
			name = Release;
		};
		47CF32E224B07E4700A35F61 /* Debug */ = {
			isa = XCBuildConfiguration;
			buildSettings = {
				ASSETCATALOG_COMPILER_APPICON_NAME = AppIcon;
				CODE_SIGN_STYLE = Automatic;
				DEVELOPMENT_TEAM = NR66M47KYF;
				INFOPLIST_FILE = FawksCompany/Info.plist;
				LD_RUNPATH_SEARCH_PATHS = (
					"$(inherited)",
					"@executable_path/Frameworks",
				);
				PRODUCT_BUNDLE_IDENTIFIER = com.phantom.FawksCompany;
				PRODUCT_NAME = "$(TARGET_NAME)";
				SWIFT_VERSION = 5.0;
				TARGETED_DEVICE_FAMILY = "1,2";
			};
			name = Debug;
		};
		47CF32E324B07E4700A35F61 /* Release */ = {
			isa = XCBuildConfiguration;
			buildSettings = {
				ASSETCATALOG_COMPILER_APPICON_NAME = AppIcon;
				CODE_SIGN_STYLE = Automatic;
				DEVELOPMENT_TEAM = NR66M47KYF;
				INFOPLIST_FILE = FawksCompany/Info.plist;
				LD_RUNPATH_SEARCH_PATHS = (
					"$(inherited)",
					"@executable_path/Frameworks",
				);
				PRODUCT_BUNDLE_IDENTIFIER = com.phantom.FawksCompany;
				PRODUCT_NAME = "$(TARGET_NAME)";
				SWIFT_VERSION = 5.0;
				TARGETED_DEVICE_FAMILY = "1,2";
			};
			name = Release;
		};
		47CF32FA24B07EB900A35F61 /* Debug */ = {
			isa = XCBuildConfiguration;
			buildSettings = {
				ASSETCATALOG_COMPILER_APPICON_NAME = AppIcon;
				CODE_SIGN_STYLE = Automatic;
				DEVELOPMENT_TEAM = NR66M47KYF;
				INFOPLIST_FILE = FawksAdmin/Info.plist;
				LD_RUNPATH_SEARCH_PATHS = (
					"$(inherited)",
					"@executable_path/Frameworks",
				);
				PRODUCT_BUNDLE_IDENTIFIER = com.phantom.FawksAdmin;
				PRODUCT_NAME = "$(TARGET_NAME)";
				SWIFT_VERSION = 5.0;
				TARGETED_DEVICE_FAMILY = "1,2";
			};
			name = Debug;
		};
		47CF32FB24B07EB900A35F61 /* Release */ = {
			isa = XCBuildConfiguration;
			buildSettings = {
				ASSETCATALOG_COMPILER_APPICON_NAME = AppIcon;
				CODE_SIGN_STYLE = Automatic;
				DEVELOPMENT_TEAM = NR66M47KYF;
				INFOPLIST_FILE = FawksAdmin/Info.plist;
				LD_RUNPATH_SEARCH_PATHS = (
					"$(inherited)",
					"@executable_path/Frameworks",
				);
				PRODUCT_BUNDLE_IDENTIFIER = com.phantom.FawksAdmin;
				PRODUCT_NAME = "$(TARGET_NAME)";
				SWIFT_VERSION = 5.0;
				TARGETED_DEVICE_FAMILY = "1,2";
			};
			name = Release;
		};
/* End XCBuildConfiguration section */

/* Begin XCConfigurationList section */
		47CF32C824B07E3300A35F61 /* Build configuration list for PBXProject "FawksCompany" */ = {
			isa = XCConfigurationList;
			buildConfigurations = (
				47CF32DF24B07E4700A35F61 /* Debug */,
				47CF32E024B07E4700A35F61 /* Release */,
			);
			defaultConfigurationIsVisible = 0;
			defaultConfigurationName = Release;
		};
		47CF32E124B07E4700A35F61 /* Build configuration list for PBXNativeTarget "FawksCompany" */ = {
			isa = XCConfigurationList;
			buildConfigurations = (
				47CF32E224B07E4700A35F61 /* Debug */,
				47CF32E324B07E4700A35F61 /* Release */,
			);
			defaultConfigurationIsVisible = 0;
			defaultConfigurationName = Release;
		};
		47CF32F924B07EB900A35F61 /* Build configuration list for PBXNativeTarget "FawksAdmin" */ = {
			isa = XCConfigurationList;
			buildConfigurations = (
				47CF32FA24B07EB900A35F61 /* Debug */,
				47CF32FB24B07EB900A35F61 /* Release */,
			);
			defaultConfigurationIsVisible = 0;
			defaultConfigurationName = Release;
		};
/* End XCConfigurationList section */
	};
	rootObject = 47CF32C524B07E3300A35F61 /* Project object */;
}
